// !$*UTF8*$!
{
	archiveVersion = 1;
	classes = {
	};
	objectVersion = 56;
	objects = {

/* Begin PBXBuildFile section */
		2A4C9F0E2C543D6B007614B0 /* WeatherAppAzamApp.swift in Sources */ = {isa = PBXBuildFile; fileRef = 2A4C9F0D2C543D6B007614B0 /* WeatherAppAzamApp.swift */; };
		2A4C9F102C543D6B007614B0 /* ContentView.swift in Sources */ = {isa = PBXBuildFile; fileRef = 2A4C9F0F2C543D6B007614B0 /* ContentView.swift */; };
		2A4C9F122C543D6C007614B0 /* Assets.xcassets in Resources */ = {isa = PBXBuildFile; fileRef = 2A4C9F112C543D6C007614B0 /* Assets.xcassets */; };
		2A4C9F152C543D6C007614B0 /* Preview Assets.xcassets in Resources */ = {isa = PBXBuildFile; fileRef = 2A4C9F142C543D6C007614B0 /* Preview Assets.xcassets */; };
		2A4C9F1D2C54407E007614B0 /* Location.swift in Sources */ = {isa = PBXBuildFile; fileRef = 2A4C9F1C2C54407E007614B0 /* Location.swift */; };
		2A4C9F1F2C5440FD007614B0 /* Weather.swift in Sources */ = {isa = PBXBuildFile; fileRef = 2A4C9F1E2C5440FD007614B0 /* Weather.swift */; };
		2A4C9F222C5441E3007614B0 /* APIEndpoint.swift in Sources */ = {isa = PBXBuildFile; fileRef = 2A4C9F212C5441E3007614B0 /* APIEndpoint.swift */; };
		2A4C9F252C5442AD007614B0 /* Constants.swift in Sources */ = {isa = PBXBuildFile; fileRef = 2A4C9F242C5442AD007614B0 /* Constants.swift */; };
		2A4C9F272C544479007614B0 /* GeocodingClient.swift in Sources */ = {isa = PBXBuildFile; fileRef = 2A4C9F262C544479007614B0 /* GeocodingClient.swift */; };
		2A4C9F292C546839007614B0 /* WeatherClient.swift in Sources */ = {isa = PBXBuildFile; fileRef = 2A4C9F282C546839007614B0 /* WeatherClient.swift */; };
		2A4C9F2B2C546D7D007614B0 /* MapView.swift in Sources */ = {isa = PBXBuildFile; fileRef = 2A4C9F2A2C546D7D007614B0 /* MapView.swift */; };
		2A4C9F2E2C546E31007614B0 /* MeasurementFormatter.swift in Sources */ = {isa = PBXBuildFile; fileRef = 2A4C9F2D2C546E31007614B0 /* MeasurementFormatter.swift */; };
/* End PBXBuildFile section */

/* Begin PBXFileReference section */
		2A4C9F0A2C543D6B007614B0 /* WeatherAppAzam.app */ = {isa = PBXFileReference; explicitFileType = wrapper.application; includeInIndex = 0; path = WeatherAppAzam.app; sourceTree = BUILT_PRODUCTS_DIR; };
		2A4C9F0D2C543D6B007614B0 /* WeatherAppAzamApp.swift */ = {isa = PBXFileReference; lastKnownFileType = sourcecode.swift; path = WeatherAppAzamApp.swift; sourceTree = "<group>"; };
		2A4C9F0F2C543D6B007614B0 /* ContentView.swift */ = {isa = PBXFileReference; lastKnownFileType = sourcecode.swift; path = ContentView.swift; sourceTree = "<group>"; };
		2A4C9F112C543D6C007614B0 /* Assets.xcassets */ = {isa = PBXFileReference; lastKnownFileType = folder.assetcatalog; path = Assets.xcassets; sourceTree = "<group>"; };
		2A4C9F142C543D6C007614B0 /* Preview Assets.xcassets */ = {isa = PBXFileReference; lastKnownFileType = folder.assetcatalog; path = "Preview Assets.xcassets"; sourceTree = "<group>"; };
		2A4C9F1C2C54407E007614B0 /* Location.swift */ = {isa = PBXFileReference; lastKnownFileType = sourcecode.swift; path = Location.swift; sourceTree = "<group>"; };
		2A4C9F1E2C5440FD007614B0 /* Weather.swift */ = {isa = PBXFileReference; lastKnownFileType = sourcecode.swift; path = Weather.swift; sourceTree = "<group>"; };
		2A4C9F212C5441E3007614B0 /* APIEndpoint.swift */ = {isa = PBXFileReference; lastKnownFileType = sourcecode.swift; path = APIEndpoint.swift; sourceTree = "<group>"; };
		2A4C9F242C5442AD007614B0 /* Constants.swift */ = {isa = PBXFileReference; lastKnownFileType = sourcecode.swift; path = Constants.swift; sourceTree = "<group>"; };
		2A4C9F262C544479007614B0 /* GeocodingClient.swift */ = {isa = PBXFileReference; lastKnownFileType = sourcecode.swift; path = GeocodingClient.swift; sourceTree = "<group>"; };
		2A4C9F282C546839007614B0 /* WeatherClient.swift */ = {isa = PBXFileReference; lastKnownFileType = sourcecode.swift; path = WeatherClient.swift; sourceTree = "<group>"; };
		2A4C9F2A2C546D7D007614B0 /* MapView.swift */ = {isa = PBXFileReference; lastKnownFileType = sourcecode.swift; path = MapView.swift; sourceTree = "<group>"; };
		2A4C9F2D2C546E31007614B0 /* MeasurementFormatter.swift */ = {isa = PBXFileReference; lastKnownFileType = sourcecode.swift; path = MeasurementFormatter.swift; sourceTree = "<group>"; };
/* End PBXFileReference section */

/* Begin PBXFrameworksBuildPhase section */
		2A4C9F072C543D6B007614B0 /* Frameworks */ = {
			isa = PBXFrameworksBuildPhase;
			buildActionMask = 2147483647;
			files = (
			);
			runOnlyForDeploymentPostprocessing = 0;
		};
/* End PBXFrameworksBuildPhase section */

/* Begin PBXGroup section */
		2A4C9F012C543D6A007614B0 = {
			isa = PBXGroup;
			children = (
				2A4C9F0C2C543D6B007614B0 /* WeatherAppAzam */,
				2A4C9F0B2C543D6B007614B0 /* Products */,
			);
			sourceTree = "<group>";
		};
		2A4C9F0B2C543D6B007614B0 /* Products */ = {
			isa = PBXGroup;
			children = (
				2A4C9F0A2C543D6B007614B0 /* WeatherAppAzam.app */,
			);
			name = Products;
			sourceTree = "<group>";
		};
		2A4C9F0C2C543D6B007614B0 /* WeatherAppAzam */ = {
			isa = PBXGroup;
			children = (
				2A4C9F2C2C546E1D007614B0 /* Extensions */,
				2A4C9F232C5442A0007614B0 /* Utitlities */,
				2A4C9F202C5441BB007614B0 /* Clients */,
				2A4C9F0D2C543D6B007614B0 /* WeatherAppAzamApp.swift */,
				2A4C9F1B2C544048007614B0 /* Models */,
				2A4C9F0F2C543D6B007614B0 /* ContentView.swift */,
				2A4C9F2A2C546D7D007614B0 /* MapView.swift */,
				2A4C9F112C543D6C007614B0 /* Assets.xcassets */,
				2A4C9F132C543D6C007614B0 /* Preview Content */,
			);
			path = WeatherAppAzam;
			sourceTree = "<group>";
		};
		2A4C9F132C543D6C007614B0 /* Preview Content */ = {
			isa = PBXGroup;
			children = (
				2A4C9F142C543D6C007614B0 /* Preview Assets.xcassets */,
			);
			path = "Preview Content";
			sourceTree = "<group>";
		};
		2A4C9F1B2C544048007614B0 /* Models */ = {
			isa = PBXGroup;
			children = (
				2A4C9F1C2C54407E007614B0 /* Location.swift */,
				2A4C9F1E2C5440FD007614B0 /* Weather.swift */,
			);
			path = Models;
			sourceTree = "<group>";
		};
		2A4C9F202C5441BB007614B0 /* Clients */ = {
			isa = PBXGroup;
			children = (
				2A4C9F212C5441E3007614B0 /* APIEndpoint.swift */,
				2A4C9F262C544479007614B0 /* GeocodingClient.swift */,
				2A4C9F282C546839007614B0 /* WeatherClient.swift */,
			);
			path = Clients;
			sourceTree = "<group>";
		};
		2A4C9F232C5442A0007614B0 /* Utitlities */ = {
			isa = PBXGroup;
			children = (
				2A4C9F242C5442AD007614B0 /* Constants.swift */,
			);
			path = Utitlities;
			sourceTree = "<group>";
		};
		2A4C9F2C2C546E1D007614B0 /* Extensions */ = {
			isa = PBXGroup;
			children = (
				2A4C9F2D2C546E31007614B0 /* MeasurementFormatter.swift */,
			);
			path = Extensions;
			sourceTree = "<group>";
		};
/* End PBXGroup section */

/* Begin PBXNativeTarget section */
		2A4C9F092C543D6B007614B0 /* WeatherAppAzam */ = {
			isa = PBXNativeTarget;
			buildConfigurationList = 2A4C9F182C543D6C007614B0 /* Build configuration list for PBXNativeTarget "WeatherAppAzam" */;
			buildPhases = (
				2A4C9F062C543D6B007614B0 /* Sources */,
				2A4C9F072C543D6B007614B0 /* Frameworks */,
				2A4C9F082C543D6B007614B0 /* Resources */,
			);
			buildRules = (
			);
			dependencies = (
			);
			name = WeatherAppAzam;
			productName = WeatherAppAzam;
			productReference = 2A4C9F0A2C543D6B007614B0 /* WeatherAppAzam.app */;
			productType = "com.apple.product-type.application";
		};
/* End PBXNativeTarget section */

/* Begin PBXProject section */
		2A4C9F022C543D6B007614B0 /* Project object */ = {
			isa = PBXProject;
			attributes = {
				BuildIndependentTargetsInParallel = 1;
				LastSwiftUpdateCheck = 1540;
				LastUpgradeCheck = 1540;
				TargetAttributes = {
					2A4C9F092C543D6B007614B0 = {
						CreatedOnToolsVersion = 15.4;
					};
				};
			};
			buildConfigurationList = 2A4C9F052C543D6B007614B0 /* Build configuration list for PBXProject "WeatherAppAzam" */;
			compatibilityVersion = "Xcode 14.0";
			developmentRegion = en;
			hasScannedForEncodings = 0;
			knownRegions = (
				en,
				Base,
			);
			mainGroup = 2A4C9F012C543D6A007614B0;
			productRefGroup = 2A4C9F0B2C543D6B007614B0 /* Products */;
			projectDirPath = "";
			projectRoot = "";
			targets = (
				2A4C9F092C543D6B007614B0 /* WeatherAppAzam */,
			);
		};
/* End PBXProject section */

/* Begin PBXResourcesBuildPhase section */
		2A4C9F082C543D6B007614B0 /* Resources */ = {
			isa = PBXResourcesBuildPhase;
			buildActionMask = 2147483647;
			files = (
				2A4C9F152C543D6C007614B0 /* Preview Assets.xcassets in Resources */,
				2A4C9F122C543D6C007614B0 /* Assets.xcassets in Resources */,
			);
			runOnlyForDeploymentPostprocessing = 0;
		};
/* End PBXResourcesBuildPhase section */

/* Begin PBXSourcesBuildPhase section */
		2A4C9F062C543D6B007614B0 /* Sources */ = {
			isa = PBXSourcesBuildPhase;
			buildActionMask = 2147483647;
			files = (
				2A4C9F1F2C5440FD007614B0 /* Weather.swift in Sources */,
				2A4C9F102C543D6B007614B0 /* ContentView.swift in Sources */,
				2A4C9F272C544479007614B0 /* GeocodingClient.swift in Sources */,
				2A4C9F1D2C54407E007614B0 /* Location.swift in Sources */,
				2A4C9F0E2C543D6B007614B0 /* WeatherAppAzamApp.swift in Sources */,
				2A4C9F292C546839007614B0 /* WeatherClient.swift in Sources */,
				2A4C9F222C5441E3007614B0 /* APIEndpoint.swift in Sources */,
				2A4C9F2E2C546E31007614B0 /* MeasurementFormatter.swift in Sources */,
				2A4C9F2B2C546D7D007614B0 /* MapView.swift in Sources */,
				2A4C9F252C5442AD007614B0 /* Constants.swift in Sources */,
			);
			runOnlyForDeploymentPostprocessing = 0;
		};
/* End PBXSourcesBuildPhase section */

/* Begin XCBuildConfiguration section */
		2A4C9F162C543D6C007614B0 /* Debug */ = {
			isa = XCBuildConfiguration;
			buildSettings = {
				ALWAYS_SEARCH_USER_PATHS = NO;
				ASSETCATALOG_COMPILER_GENERATE_SWIFT_ASSET_SYMBOL_EXTENSIONS = YES;
				CLANG_ANALYZER_NONNULL = YES;
				CLANG_ANALYZER_NUMBER_OBJECT_CONVERSION = YES_AGGRESSIVE;
				CLANG_CXX_LANGUAGE_STANDARD = "gnu++20";
				CLANG_ENABLE_MODULES = YES;
				CLANG_ENABLE_OBJC_ARC = YES;
				CLANG_ENABLE_OBJC_WEAK = YES;
				CLANG_WARN_BLOCK_CAPTURE_AUTORELEASING = YES;
				CLANG_WARN_BOOL_CONVERSION = YES;
				CLANG_WARN_COMMA = YES;
				CLANG_WARN_CONSTANT_CONVERSION = YES;
				CLANG_WARN_DEPRECATED_OBJC_IMPLEMENTATIONS = YES;
				CLANG_WARN_DIRECT_OBJC_ISA_USAGE = YES_ERROR;
				CLANG_WARN_DOCUMENTATION_COMMENTS = YES;
				CLANG_WARN_EMPTY_BODY = YES;
				CLANG_WARN_ENUM_CONVERSION = YES;
				CLANG_WARN_INFINITE_RECURSION = YES;
				CLANG_WARN_INT_CONVERSION = YES;
				CLANG_WARN_NON_LITERAL_NULL_CONVERSION = YES;
				CLANG_WARN_OBJC_IMPLICIT_RETAIN_SELF = YES;
				CLANG_WARN_OBJC_LITERAL_CONVERSION = YES;
				CLANG_WARN_OBJC_ROOT_CLASS = YES_ERROR;
				CLANG_WARN_QUOTED_INCLUDE_IN_FRAMEWORK_HEADER = YES;
				CLANG_WARN_RANGE_LOOP_ANALYSIS = YES;
				CLANG_WARN_STRICT_PROTOTYPES = YES;
				CLANG_WARN_SUSPICIOUS_MOVE = YES;
				CLANG_WARN_UNGUARDED_AVAILABILITY = YES_AGGRESSIVE;
				CLANG_WARN_UNREACHABLE_CODE = YES;
				CLANG_WARN__DUPLICATE_METHOD_MATCH = YES;
				COPY_PHASE_STRIP = NO;
				DEBUG_INFORMATION_FORMAT = dwarf;
				ENABLE_STRICT_OBJC_MSGSEND = YES;
				ENABLE_TESTABILITY = YES;
				ENABLE_USER_SCRIPT_SANDBOXING = YES;
				GCC_C_LANGUAGE_STANDARD = gnu17;
				GCC_DYNAMIC_NO_PIC = NO;
				GCC_NO_COMMON_BLOCKS = YES;
				GCC_OPTIMIZATION_LEVEL = 0;
				GCC_PREPROCESSOR_DEFINITIONS = (
					"DEBUG=1",
					"$(inherited)",
				);
				GCC_WARN_64_TO_32_BIT_CONVERSION = YES;
				GCC_WARN_ABOUT_RETURN_TYPE = YES_ERROR;
				GCC_WARN_UNDECLARED_SELECTOR = YES;
				GCC_WARN_UNINITIALIZED_AUTOS = YES_AGGRESSIVE;
				GCC_WARN_UNUSED_FUNCTION = YES;
				GCC_WARN_UNUSED_VARIABLE = YES;
				IPHONEOS_DEPLOYMENT_TARGET = 17.5;
				LOCALIZATION_PREFERS_STRING_CATALOGS = YES;
				MTL_ENABLE_DEBUG_INFO = INCLUDE_SOURCE;
				MTL_FAST_MATH = YES;
				ONLY_ACTIVE_ARCH = YES;
				SDKROOT = iphoneos;
				SWIFT_ACTIVE_COMPILATION_CONDITIONS = "DEBUG $(inherited)";
				SWIFT_OPTIMIZATION_LEVEL = "-Onone";
			};
			name = Debug;
		};
		2A4C9F172C543D6C007614B0 /* Release */ = {
			isa = XCBuildConfiguration;
			buildSettings = {
				ALWAYS_SEARCH_USER_PATHS = NO;
				ASSETCATALOG_COMPILER_GENERATE_SWIFT_ASSET_SYMBOL_EXTENSIONS = YES;
				CLANG_ANALYZER_NONNULL = YES;
				CLANG_ANALYZER_NUMBER_OBJECT_CONVERSION = YES_AGGRESSIVE;
				CLANG_CXX_LANGUAGE_STANDARD = "gnu++20";
				CLANG_ENABLE_MODULES = YES;
				CLANG_ENABLE_OBJC_ARC = YES;
				CLANG_ENABLE_OBJC_WEAK = YES;
				CLANG_WARN_BLOCK_CAPTURE_AUTORELEASING = YES;
				CLANG_WARN_BOOL_CONVERSION = YES;
				CLANG_WARN_COMMA = YES;
				CLANG_WARN_CONSTANT_CONVERSION = YES;
				CLANG_WARN_DEPRECATED_OBJC_IMPLEMENTATIONS = YES;
				CLANG_WARN_DIRECT_OBJC_ISA_USAGE = YES_ERROR;
				CLANG_WARN_DOCUMENTATION_COMMENTS = YES;
				CLANG_WARN_EMPTY_BODY = YES;
				CLANG_WARN_ENUM_CONVERSION = YES;
				CLANG_WARN_INFINITE_RECURSION = YES;
				CLANG_WARN_INT_CONVERSION = YES;
				CLANG_WARN_NON_LITERAL_NULL_CONVERSION = YES;
				CLANG_WARN_OBJC_IMPLICIT_RETAIN_SELF = YES;
				CLANG_WARN_OBJC_LITERAL_CONVERSION = YES;
				CLANG_WARN_OBJC_ROOT_CLASS = YES_ERROR;
				CLANG_WARN_QUOTED_INCLUDE_IN_FRAMEWORK_HEADER = YES;
				CLANG_WARN_RANGE_LOOP_ANALYSIS = YES;
				CLANG_WARN_STRICT_PROTOTYPES = YES;
				CLANG_WARN_SUSPICIOUS_MOVE = YES;
				CLANG_WARN_UNGUARDED_AVAILABILITY = YES_AGGRESSIVE;
				CLANG_WARN_UNREACHABLE_CODE = YES;
				CLANG_WARN__DUPLICATE_METHOD_MATCH = YES;
				COPY_PHASE_STRIP = NO;
				DEBUG_INFORMATION_FORMAT = "dwarf-with-dsym";
				ENABLE_NS_ASSERTIONS = NO;
				ENABLE_STRICT_OBJC_MSGSEND = YES;
				ENABLE_USER_SCRIPT_SANDBOXING = YES;
				GCC_C_LANGUAGE_STANDARD = gnu17;
				GCC_NO_COMMON_BLOCKS = YES;
				GCC_WARN_64_TO_32_BIT_CONVERSION = YES;
				GCC_WARN_ABOUT_RETURN_TYPE = YES_ERROR;
				GCC_WARN_UNDECLARED_SELECTOR = YES;
				GCC_WARN_UNINITIALIZED_AUTOS = YES_AGGRESSIVE;
				GCC_WARN_UNUSED_FUNCTION = YES;
				GCC_WARN_UNUSED_VARIABLE = YES;
				IPHONEOS_DEPLOYMENT_TARGET = 17.5;
				LOCALIZATION_PREFERS_STRING_CATALOGS = YES;
				MTL_ENABLE_DEBUG_INFO = NO;
				MTL_FAST_MATH = YES;
				SDKROOT = iphoneos;
				SWIFT_COMPILATION_MODE = wholemodule;
				VALIDATE_PRODUCT = YES;
			};
			name = Release;
		};
		2A4C9F192C543D6C007614B0 /* Debug */ = {
			isa = XCBuildConfiguration;
			buildSettings = {
				ASSETCATALOG_COMPILER_APPICON_NAME = AppIcon;
				ASSETCATALOG_COMPILER_GLOBAL_ACCENT_COLOR_NAME = AccentColor;
				CODE_SIGN_STYLE = Automatic;
				CURRENT_PROJECT_VERSION = 1;
				DEVELOPMENT_ASSET_PATHS = "\"WeatherAppAzam/Preview Content\"";
				DEVELOPMENT_TEAM = C3WFAPY3YY;
				ENABLE_PREVIEWS = YES;
				GENERATE_INFOPLIST_FILE = YES;
				INFOPLIST_KEY_UIApplicationSceneManifest_Generation = YES;
				INFOPLIST_KEY_UIApplicationSupportsIndirectInputEvents = YES;
				INFOPLIST_KEY_UILaunchScreen_Generation = YES;
				INFOPLIST_KEY_UISupportedInterfaceOrientations_iPad = "UIInterfaceOrientationPortrait UIInterfaceOrientationPortraitUpsideDown UIInterfaceOrientationLandscapeLeft UIInterfaceOrientationLandscapeRight";
				INFOPLIST_KEY_UISupportedInterfaceOrientations_iPhone = "UIInterfaceOrientationPortrait UIInterfaceOrientationLandscapeLeft UIInterfaceOrientationLandscapeRight";
				LD_RUNPATH_SEARCH_PATHS = (
					"$(inherited)",
					"@executable_path/Frameworks",
				);
				MARKETING_VERSION = 1.0;
				PRODUCT_BUNDLE_IDENTIFIER = desco.WeatherAppAzam;
				PRODUCT_NAME = "$(TARGET_NAME)";
				SWIFT_EMIT_LOC_STRINGS = YES;
				SWIFT_VERSION = 5.0;
				TARGETED_DEVICE_FAMILY = "1,2";
			};
			name = Debug;
		};
		2A4C9F1A2C543D6C007614B0 /* Release */ = {
			isa = XCBuildConfiguration;
			buildSettings = {
				ASSETCATALOG_COMPILER_APPICON_NAME = AppIcon;
				ASSETCATALOG_COMPILER_GLOBAL_ACCENT_COLOR_NAME = AccentColor;
				CODE_SIGN_STYLE = Automatic;
				CURRENT_PROJECT_VERSION = 1;
				DEVELOPMENT_ASSET_PATHS = "\"WeatherAppAzam/Preview Content\"";
				DEVELOPMENT_TEAM = C3WFAPY3YY;
				ENABLE_PREVIEWS = YES;
				GENERATE_INFOPLIST_FILE = YES;
				INFOPLIST_KEY_UIApplicationSceneManifest_Generation = YES;
				INFOPLIST_KEY_UIApplicationSupportsIndirectInputEvents = YES;
				INFOPLIST_KEY_UILaunchScreen_Generation = YES;
				INFOPLIST_KEY_UISupportedInterfaceOrientations_iPad = "UIInterfaceOrientationPortrait UIInterfaceOrientationPortraitUpsideDown UIInterfaceOrientationLandscapeLeft UIInterfaceOrientationLandscapeRight";
				INFOPLIST_KEY_UISupportedInterfaceOrientations_iPhone = "UIInterfaceOrientationPortrait UIInterfaceOrientationLandscapeLeft UIInterfaceOrientationLandscapeRight";
				LD_RUNPATH_SEARCH_PATHS = (
					"$(inherited)",
					"@executable_path/Frameworks",
				);
				MARKETING_VERSION = 1.0;
				PRODUCT_BUNDLE_IDENTIFIER = desco.WeatherAppAzam;
				PRODUCT_NAME = "$(TARGET_NAME)";
				SWIFT_EMIT_LOC_STRINGS = YES;
				SWIFT_VERSION = 5.0;
				TARGETED_DEVICE_FAMILY = "1,2";
			};
			name = Release;
		};
/* End XCBuildConfiguration section */

/* Begin XCConfigurationList section */
		2A4C9F052C543D6B007614B0 /* Build configuration list for PBXProject "WeatherAppAzam" */ = {
			isa = XCConfigurationList;
			buildConfigurations = (
				2A4C9F162C543D6C007614B0 /* Debug */,
				2A4C9F172C543D6C007614B0 /* Release */,
			);
			defaultConfigurationIsVisible = 0;
			defaultConfigurationName = Release;
		};
		2A4C9F182C543D6C007614B0 /* Build configuration list for PBXNativeTarget "WeatherAppAzam" */ = {
			isa = XCConfigurationList;
			buildConfigurations = (
				2A4C9F192C543D6C007614B0 /* Debug */,
				2A4C9F1A2C543D6C007614B0 /* Release */,
			);
			defaultConfigurationIsVisible = 0;
			defaultConfigurationName = Release;
		};
/* End XCConfigurationList section */
	};
	rootObject = 2A4C9F022C543D6B007614B0 /* Project object */;
}
